
Microsoft Visual Studio Solution File, Format Version 12.00
# Visual Studio 15
VisualStudioVersion = 15.0.28010.2026
MinimumVisualStudioVersion = 10.0.40219.1
Project("{888888A0-9F3D-457C-B088-3A5042F75D52}") = "memjd_secreta", "memjd_secreta\memjd_secreta.pyproj", "{C3BA650E-3C74-4586-AF65-80AB33A6437F}"
EndProject
Global
	GlobalSection(SolutionConfigurationPlatforms) = preSolution
		Debug|Any CPU = Debug|Any CPU
		Release|Any CPU = Release|Any CPU
	EndGlobalSection
	GlobalSection(ProjectConfigurationPlatforms) = postSolution
		{C3BA650E-3C74-4586-AF65-80AB33A6437F}.Debug|Any CPU.ActiveCfg = Debug|Any CPU
		{C3BA650E-3C74-4586-AF65-80AB33A6437F}.Debug|Any CPU.Build.0 = Debug|Any CPU
		{C3BA650E-3C74-4586-AF65-80AB33A6437F}.Release|Any CPU.ActiveCfg = Release|Any CPU
		{C3BA650E-3C74-4586-AF65-80AB33A6437F}.Release|Any CPU.Build.0 = Release|Any CPU
	EndGlobalSection
	GlobalSection(SolutionProperties) = preSolution
		HideSolutionNode = FALSE
	EndGlobalSection
	GlobalSection(ExtensibilityGlobals) = postSolution
		SolutionGuid = {AFF29C7A-A776-4F4A-8D65-AE0005803C0D}
	EndGlobalSection
EndGlobal
